
Microsoft Visual Studio Solution File, Format Version 12.00
# Visual Studio 2012
Project("{FAE04EC0-301F-11D3-BF4B-00C04F79EFBC}") = "FunctionsInCSharp", "FunctionsInCSharp\FunctionsInCSharp.csproj", "{98736AE4-583E-48D0-8E9C-B7024E855E76}"
EndProject
Global
	GlobalSection(SolutionConfigurationPlatforms) = preSolution
		Debug|Any CPU = Debug|Any CPU
		Release|Any CPU = Release|Any CPU
	EndGlobalSection
	GlobalSection(ProjectConfigurationPlatforms) = postSolution
		{98736AE4-583E-48D0-8E9C-B7024E855E76}.Debug|Any CPU.ActiveCfg = Debug|Any CPU
		{98736AE4-583E-48D0-8E9C-B7024E855E76}.Debug|Any CPU.Build.0 = Debug|Any CPU
		{98736AE4-583E-48D0-8E9C-B7024E855E76}.Release|Any CPU.ActiveCfg = Release|Any CPU
		{98736AE4-583E-48D0-8E9C-B7024E855E76}.Release|Any CPU.Build.0 = Release|Any CPU
	EndGlobalSection
EndGlobal
